{
  "name": "00-template",
  "version": "1.0.0",
  "lockfileVersion": 2,
  "requires": true,
  "packages": {
    "": {
      "name": "00-template",
      "version": "1.0.0",
      "license": "AGPL-3.0-or-later",
      "dependencies": {
        "three": "^0.141.0"
      }
    },
    "node_modules/three": {
      "version": "0.141.0",
      "resolved": "https://registry.npmjs.org/three/-/three-0.141.0.tgz",
      "integrity": "sha512-JaSDAPWuk4RTzG5BYRQm8YZbERUxTfTDVouWgHMisS2to4E5fotMS9F2zPFNOIJyEFTTQDDKPpsgZVThKU3pXA=="
    }
  },
  "dependencies": {
    "three": {
      "version": "0.141.0",
      "resolved": "https://registry.npmjs.org/three/-/three-0.141.0.tgz",
      "integrity": "sha512-JaSDAPWuk4RTzG5BYRQm8YZbERUxTfTDVouWgHMisS2to4E5fotMS9F2zPFNOIJyEFTTQDDKPpsgZVThKU3pXA=="
    }
  }
}
